
Microsoft Visual Studio Solution File, Format Version 12.00
# Visual Studio Version 17
VisualStudioVersion = 17.9.34622.214
MinimumVisualStudioVersion = 10.0.40219.1
Project("{FAE04EC0-301F-11D3-BF4B-00C04F79EFBC}") = "AsyncTasks", "AsyncTasks\AsyncTasks.csproj", "{F8CB9C51-944E-451E-BD0B-ACABE7CE1A25}"
EndProject
Global
	GlobalSection(SolutionConfigurationPlatforms) = preSolution
		Debug|Any CPU = Debug|Any CPU
		Release|Any CPU = Release|Any CPU
	EndGlobalSection
	GlobalSection(ProjectConfigurationPlatforms) = postSolution
		{F8CB9C51-944E-451E-BD0B-ACABE7CE1A25}.Debug|Any CPU.ActiveCfg = Debug|Any CPU
		{F8CB9C51-944E-451E-BD0B-ACABE7CE1A25}.Debug|Any CPU.Build.0 = Debug|Any CPU
		{F8CB9C51-944E-451E-BD0B-ACABE7CE1A25}.Release|Any CPU.ActiveCfg = Release|Any CPU
		{F8CB9C51-944E-451E-BD0B-ACABE7CE1A25}.Release|Any CPU.Build.0 = Release|Any CPU
	EndGlobalSection
	GlobalSection(SolutionProperties) = preSolution
		HideSolutionNode = FALSE
	EndGlobalSection
	GlobalSection(ExtensibilityGlobals) = postSolution
		SolutionGuid = {C7D94BA8-FE0A-47E6-8020-77CCB768E72E}
	EndGlobalSection
EndGlobal
